
Microsoft Visual Studio Solution File, Format Version 12.00
# Visual Studio Version 17
VisualStudioVersion = 17.1.32319.34
MinimumVisualStudioVersion = 10.0.40219.1
Project("{9A19103F-16F7-4668-BE54-9A1E7A4F7556}") = "MovieBringer.Core", "MovieBringer.Core\MovieBringer.Core.csproj", "{E4781207-EB99-40EE-A5C8-88E77F0579C8}"
EndProject
Project("{9A19103F-16F7-4668-BE54-9A1E7A4F7556}") = "MovieBringer.Repository", "MovieBringer.Repository\MovieBringer.Repository.csproj", "{734247AC-E0DF-4798-AA6F-60E7449C6C6F}"
EndProject
Project("{9A19103F-16F7-4668-BE54-9A1E7A4F7556}") = "MovieBringer.Service", "MovieBringer.Service\MovieBringer.Service.csproj", "{FE92601B-65C9-4109-9F74-CB2E18EDAAC1}"
EndProject
Project("{9A19103F-16F7-4668-BE54-9A1E7A4F7556}") = "MovieBringer.WebApp", "MovieBringer.WebApp\MovieBringer.WebApp.csproj", "{9F5162EB-F66A-4E09-A31E-719BF71771E5}"
EndProject
Global
	GlobalSection(SolutionConfigurationPlatforms) = preSolution
		Debug|Any CPU = Debug|Any CPU
		Release|Any CPU = Release|Any CPU
	EndGlobalSection
	GlobalSection(ProjectConfigurationPlatforms) = postSolution
		{E4781207-EB99-40EE-A5C8-88E77F0579C8}.Debug|Any CPU.ActiveCfg = Debug|Any CPU
		{E4781207-EB99-40EE-A5C8-88E77F0579C8}.Debug|Any CPU.Build.0 = Debug|Any CPU
		{E4781207-EB99-40EE-A5C8-88E77F0579C8}.Release|Any CPU.ActiveCfg = Release|Any CPU
		{E4781207-EB99-40EE-A5C8-88E77F0579C8}.Release|Any CPU.Build.0 = Release|Any CPU
		{734247AC-E0DF-4798-AA6F-60E7449C6C6F}.Debug|Any CPU.ActiveCfg = Debug|Any CPU
		{734247AC-E0DF-4798-AA6F-60E7449C6C6F}.Debug|Any CPU.Build.0 = Debug|Any CPU
		{734247AC-E0DF-4798-AA6F-60E7449C6C6F}.Release|Any CPU.ActiveCfg = Release|Any CPU
		{734247AC-E0DF-4798-AA6F-60E7449C6C6F}.Release|Any CPU.Build.0 = Release|Any CPU
		{FE92601B-65C9-4109-9F74-CB2E18EDAAC1}.Debug|Any CPU.ActiveCfg = Debug|Any CPU
		{FE92601B-65C9-4109-9F74-CB2E18EDAAC1}.Debug|Any CPU.Build.0 = Debug|Any CPU
		{FE92601B-65C9-4109-9F74-CB2E18EDAAC1}.Release|Any CPU.ActiveCfg = Release|Any CPU
		{FE92601B-65C9-4109-9F74-CB2E18EDAAC1}.Release|Any CPU.Build.0 = Release|Any CPU
		{9F5162EB-F66A-4E09-A31E-719BF71771E5}.Debug|Any CPU.ActiveCfg = Debug|Any CPU
		{9F5162EB-F66A-4E09-A31E-719BF71771E5}.Debug|Any CPU.Build.0 = Debug|Any CPU
		{9F5162EB-F66A-4E09-A31E-719BF71771E5}.Release|Any CPU.ActiveCfg = Release|Any CPU
		{9F5162EB-F66A-4E09-A31E-719BF71771E5}.Release|Any CPU.Build.0 = Release|Any CPU
	EndGlobalSection
	GlobalSection(SolutionProperties) = preSolution
		HideSolutionNode = FALSE
	EndGlobalSection
	GlobalSection(ExtensibilityGlobals) = postSolution
		SolutionGuid = {0C711B27-879B-4607-B481-F20B49671164}
	EndGlobalSection
EndGlobal
